// !$*UTF8*$!
{
	archiveVersion = 1;
	classes = {
	};
	objectVersion = 46;
	objects = {

/* Begin PBXBuildFile section */
		09871CA91EE2245B00AF190B /* AppDelegate.swift in Sources */ = {isa = PBXBuildFile; fileRef = 09871CA81EE2245B00AF190B /* AppDelegate.swift */; };
		09871CAB1EE2245B00AF190B /* ViewController.swift in Sources */ = {isa = PBXBuildFile; fileRef = 09871CAA1EE2245B00AF190B /* ViewController.swift */; };
		09871CAE1EE2245B00AF190B /* Main.storyboard in Resources */ = {isa = PBXBuildFile; fileRef = 09871CAC1EE2245B00AF190B /* Main.storyboard */; };
		09871CB01EE2245B00AF190B /* Assets.xcassets in Resources */ = {isa = PBXBuildFile; fileRef = 09871CAF1EE2245B00AF190B /* Assets.xcassets */; };
		09871CB31EE2245B00AF190B /* LaunchScreen.storyboard in Resources */ = {isa = PBXBuildFile; fileRef = 09871CB11EE2245B00AF190B /* LaunchScreen.storyboard */; };
/* End PBXBuildFile section */

/* Begin PBXFileReference section */
		09871CA51EE2245B00AF190B /* Swift App - Practice.app */ = {isa = PBXFileReference; explicitFileType = wrapper.application; includeInIndex = 0; path = "Swift App - Practice.app"; sourceTree = BUILT_PRODUCTS_DIR; };
		09871CA81EE2245B00AF190B /* AppDelegate.swift */ = {isa = PBXFileReference; lastKnownFileType = sourcecode.swift; path = AppDelegate.swift; sourceTree = "<group>"; };
		09871CAA1EE2245B00AF190B /* ViewController.swift */ = {isa = PBXFileReference; lastKnownFileType = sourcecode.swift; path = ViewController.swift; sourceTree = "<group>"; };
		09871CAD1EE2245B00AF190B /* Base */ = {isa = PBXFileReference; lastKnownFileType = file.storyboard; name = Base; path = Base.lproj/Main.storyboard; sourceTree = "<group>"; };
		09871CAF1EE2245B00AF190B /* Assets.xcassets */ = {isa = PBXFileReference; lastKnownFileType = folder.assetcatalog; path = Assets.xcassets; sourceTree = "<group>"; };
		09871CB21EE2245B00AF190B /* Base */ = {isa = PBXFileReference; lastKnownFileType = file.storyboard; name = Base; path = Base.lproj/LaunchScreen.storyboard; sourceTree = "<group>"; };
		09871CB41EE2245B00AF190B /* Info.plist */ = {isa = PBXFileReference; lastKnownFileType = text.plist.xml; path = Info.plist; sourceTree = "<group>"; };
/* End PBXFileReference section */

/* Begin PBXFrameworksBuildPhase section */
		09871CA21EE2245B00AF190B /* Frameworks */ = {
			isa = PBXFrameworksBuildPhase;
			buildActionMask = 2147483647;
			files = (
			);
			runOnlyForDeploymentPostprocessing = 0;
		};
/* End PBXFrameworksBuildPhase section */

/* Begin PBXGroup section */
		09871C9C1EE2245B00AF190B = {
			isa = PBXGroup;
			children = (
				09871CA71EE2245B00AF190B /* Swift App - Practice */,
				09871CA61EE2245B00AF190B /* Products */,
			);
			sourceTree = "<group>";
		};
		09871CA61EE2245B00AF190B /* Products */ = {
			isa = PBXGroup;
			children = (
				09871CA51EE2245B00AF190B /* Swift App - Practice.app */,
			);
			name = Products;
			sourceTree = "<group>";
		};
		09871CA71EE2245B00AF190B /* Swift App - Practice */ = {
			isa = PBXGroup;
			children = (
				09871CA81EE2245B00AF190B /* AppDelegate.swift */,
				09871CAA1EE2245B00AF190B /* ViewController.swift */,
				09871CAC1EE2245B00AF190B /* Main.storyboard */,
				09871CAF1EE2245B00AF190B /* Assets.xcassets */,
				09871CB11EE2245B00AF190B /* LaunchScreen.storyboard */,
				09871CB41EE2245B00AF190B /* Info.plist */,
			);
			path = "Swift App - Practice";
			sourceTree = "<group>";
		};
/* End PBXGroup section */

/* Begin PBXNativeTarget section */
		09871CA41EE2245B00AF190B /* Swift App - Practice */ = {
			isa = PBXNativeTarget;
			buildConfigurationList = 09871CB71EE2245B00AF190B /* Build configuration list for PBXNativeTarget "Swift App - Practice" */;
			buildPhases = (
				09871CA11EE2245B00AF190B /* Sources */,
				09871CA21EE2245B00AF190B /* Frameworks */,
				09871CA31EE2245B00AF190B /* Resources */,
			);
			buildRules = (
			);
			dependencies = (
			);
			name = "Swift App - Practice";
			productName = "Swift App - Practice";
			productReference = 09871CA51EE2245B00AF190B /* Swift App - Practice.app */;
			productType = "com.apple.product-type.application";
		};
/* End PBXNativeTarget section */

/* Begin PBXProject section */
		09871C9D1EE2245B00AF190B /* Project object */ = {
			isa = PBXProject;
			attributes = {
				LastSwiftUpdateCheck = 0830;
				LastUpgradeCheck = 0830;
				ORGANIZATIONNAME = "Madiana Hedayet";
				TargetAttributes = {
					09871CA41EE2245B00AF190B = {
						CreatedOnToolsVersion = 8.3.2;
						ProvisioningStyle = Automatic;
					};
				};
			};
			buildConfigurationList = 09871CA01EE2245B00AF190B /* Build configuration list for PBXProject "Swift App - Practice" */;
			compatibilityVersion = "Xcode 3.2";
			developmentRegion = English;
			hasScannedForEncodings = 0;
			knownRegions = (
				en,
				Base,
			);
			mainGroup = 09871C9C1EE2245B00AF190B;
			productRefGroup = 09871CA61EE2245B00AF190B /* Products */;
			projectDirPath = "";
			projectRoot = "";
			targets = (
				09871CA41EE2245B00AF190B /* Swift App - Practice */,
			);
		};
/* End PBXProject section */

/* Begin PBXResourcesBuildPhase section */
		09871CA31EE2245B00AF190B /* Resources */ = {
			isa = PBXResourcesBuildPhase;
			buildActionMask = 2147483647;
			files = (
				09871CB31EE2245B00AF190B /* LaunchScreen.storyboard in Resources */,
				09871CB01EE2245B00AF190B /* Assets.xcassets in Resources */,
				09871CAE1EE2245B00AF190B /* Main.storyboard in Resources */,
			);
			runOnlyForDeploymentPostprocessing = 0;
		};
/* End PBXResourcesBuildPhase section */

/* Begin PBXSourcesBuildPhase section */
		09871CA11EE2245B00AF190B /* Sources */ = {
			isa = PBXSourcesBuildPhase;
			buildActionMask = 2147483647;
			files = (
				09871CAB1EE2245B00AF190B /* ViewController.swift in Sources */,
				09871CA91EE2245B00AF190B /* AppDelegate.swift in Sources */,
			);
			runOnlyForDeploymentPostprocessing = 0;
		};
/* End PBXSourcesBuildPhase section */

/* Begin PBXVariantGroup section */
		09871CAC1EE2245B00AF190B /* Main.storyboard */ = {
			isa = PBXVariantGroup;
			children = (
				09871CAD1EE2245B00AF190B /* Base */,
			);
			name = Main.storyboard;
			sourceTree = "<group>";
		};
		09871CB11EE2245B00AF190B /* LaunchScreen.storyboard */ = {
			isa = PBXVariantGroup;
			children = (
				09871CB21EE2245B00AF190B /* Base */,
			);
			name = LaunchScreen.storyboard;
			sourceTree = "<group>";
		};
/* End PBXVariantGroup section */

/* Begin XCBuildConfiguration section */
		09871CB51EE2245B00AF190B /* Debug */ = {
			isa = XCBuildConfiguration;
			buildSettings = {
				ALWAYS_SEARCH_USER_PATHS = NO;
				CLANG_ANALYZER_NONNULL = YES;
				CLANG_ANALYZER_NUMBER_OBJECT_CONVERSION = YES_AGGRESSIVE;
				CLANG_CXX_LANGUAGE_STANDARD = "gnu++0x";
				CLANG_CXX_LIBRARY = "libc++";
				CLANG_ENABLE_MODULES = YES;
				CLANG_ENABLE_OBJC_ARC = YES;
				CLANG_WARN_BOOL_CONVERSION = YES;
				CLANG_WARN_CONSTANT_CONVERSION = YES;
				CLANG_WARN_DIRECT_OBJC_ISA_USAGE = YES_ERROR;
				CLANG_WARN_DOCUMENTATION_COMMENTS = YES;
				CLANG_WARN_EMPTY_BODY = YES;
				CLANG_WARN_ENUM_CONVERSION = YES;
				CLANG_WARN_INFINITE_RECURSION = YES;
				CLANG_WARN_INT_CONVERSION = YES;
				CLANG_WARN_OBJC_ROOT_CLASS = YES_ERROR;
				CLANG_WARN_SUSPICIOUS_MOVE = YES;
				CLANG_WARN_UNREACHABLE_CODE = YES;
				CLANG_WARN__DUPLICATE_METHOD_MATCH = YES;
				"CODE_SIGN_IDENTITY[sdk=iphoneos*]" = "iPhone Developer";
				COPY_PHASE_STRIP = NO;
				DEBUG_INFORMATION_FORMAT = dwarf;
				ENABLE_STRICT_OBJC_MSGSEND = YES;
				ENABLE_TESTABILITY = YES;
				GCC_C_LANGUAGE_STANDARD = gnu99;
				GCC_DYNAMIC_NO_PIC = NO;
				GCC_NO_COMMON_BLOCKS = YES;
				GCC_OPTIMIZATION_LEVEL = 0;
				GCC_PREPROCESSOR_DEFINITIONS = (
					"DEBUG=1",
					"$(inherited)",
				);
				GCC_WARN_64_TO_32_BIT_CONVERSION = YES;
				GCC_WARN_ABOUT_RETURN_TYPE = YES_ERROR;
				GCC_WARN_UNDECLARED_SELECTOR = YES;
				GCC_WARN_UNINITIALIZED_AUTOS = YES_AGGRESSIVE;
				GCC_WARN_UNUSED_FUNCTION = YES;
				GCC_WARN_UNUSED_VARIABLE = YES;
				IPHONEOS_DEPLOYMENT_TARGET = 10.3;
				MTL_ENABLE_DEBUG_INFO = YES;
				ONLY_ACTIVE_ARCH = YES;
				SDKROOT = iphoneos;
				SWIFT_ACTIVE_COMPILATION_CONDITIONS = DEBUG;
				SWIFT_OPTIMIZATION_LEVEL = "-Onone";
				TARGETED_DEVICE_FAMILY = "1,2";
			};
			name = Debug;
		};
		09871CB61EE2245B00AF190B /* Release */ = {
			isa = XCBuildConfiguration;
			buildSettings = {
				ALWAYS_SEARCH_USER_PATHS = NO;
				CLANG_ANALYZER_NONNULL = YES;
				CLANG_ANALYZER_NUMBER_OBJECT_CONVERSION = YES_AGGRESSIVE;
				CLANG_CXX_LANGUAGE_STANDARD = "gnu++0x";
				CLANG_CXX_LIBRARY = "libc++";
				CLANG_ENABLE_MODULES = YES;
				CLANG_ENABLE_OBJC_ARC = YES;
				CLANG_WARN_BOOL_CONVERSION = YES;
				CLANG_WARN_CONSTANT_CONVERSION = YES;
				CLANG_WARN_DIRECT_OBJC_ISA_USAGE = YES_ERROR;
				CLANG_WARN_DOCUMENTATION_COMMENTS = YES;
				CLANG_WARN_EMPTY_BODY = YES;
				CLANG_WARN_ENUM_CONVERSION = YES;
				CLANG_WARN_INFINITE_RECURSION = YES;
				CLANG_WARN_INT_CONVERSION = YES;
				CLANG_WARN_OBJC_ROOT_CLASS = YES_ERROR;
				CLANG_WARN_SUSPICIOUS_MOVE = YES;
				CLANG_WARN_UNREACHABLE_CODE = YES;
				CLANG_WARN__DUPLICATE_METHOD_MATCH = YES;
				"CODE_SIGN_IDENTITY[sdk=iphoneos*]" = "iPhone Developer";
				COPY_PHASE_STRIP = NO;
				DEBUG_INFORMATION_FORMAT = "dwarf-with-dsym";
				ENABLE_NS_ASSERTIONS = NO;
				ENABLE_STRICT_OBJC_MSGSEND = YES;
				GCC_C_LANGUAGE_STANDARD = gnu99;
				GCC_NO_COMMON_BLOCKS = YES;
				GCC_WARN_64_TO_32_BIT_CONVERSION = YES;
				GCC_WARN_ABOUT_RETURN_TYPE = YES_ERROR;
				GCC_WARN_UNDECLARED_SELECTOR = YES;
				GCC_WARN_UNINITIALIZED_AUTOS = YES_AGGRESSIVE;
				GCC_WARN_UNUSED_FUNCTION = YES;
				GCC_WARN_UNUSED_VARIABLE = YES;
				IPHONEOS_DEPLOYMENT_TARGET = 10.3;
				MTL_ENABLE_DEBUG_INFO = NO;
				SDKROOT = iphoneos;
				SWIFT_OPTIMIZATION_LEVEL = "-Owholemodule";
				TARGETED_DEVICE_FAMILY = "1,2";
				VALIDATE_PRODUCT = YES;
			};
			name = Release;
		};
		09871CB81EE2245B00AF190B /* Debug */ = {
			isa = XCBuildConfiguration;
			buildSettings = {
				ASSETCATALOG_COMPILER_APPICON_NAME = AppIcon;
				INFOPLIST_FILE = "Swift App - Practice/Info.plist";
				LD_RUNPATH_SEARCH_PATHS = "$(inherited) @executable_path/Frameworks";
				PRODUCT_BUNDLE_IDENTIFIER = "bl.Swift-App---Practice";
				PRODUCT_NAME = "$(TARGET_NAME)";
				SWIFT_VERSION = 3.0;
			};
			name = Debug;
		};
		09871CB91EE2245B00AF190B /* Release */ = {
			isa = XCBuildConfiguration;
			buildSettings = {
				ASSETCATALOG_COMPILER_APPICON_NAME = AppIcon;
				INFOPLIST_FILE = "Swift App - Practice/Info.plist";
				LD_RUNPATH_SEARCH_PATHS = "$(inherited) @executable_path/Frameworks";
				PRODUCT_BUNDLE_IDENTIFIER = "bl.Swift-App---Practice";
				PRODUCT_NAME = "$(TARGET_NAME)";
				SWIFT_VERSION = 3.0;
			};
			name = Release;
		};
/* End XCBuildConfiguration section */

/* Begin XCConfigurationList section */
		09871CA01EE2245B00AF190B /* Build configuration list for PBXProject "Swift App - Practice" */ = {
			isa = XCConfigurationList;
			buildConfigurations = (
				09871CB51EE2245B00AF190B /* Debug */,
				09871CB61EE2245B00AF190B /* Release */,
			);
			defaultConfigurationIsVisible = 0;
			defaultConfigurationName = Release;
		};
		09871CB71EE2245B00AF190B /* Build configuration list for PBXNativeTarget "Swift App - Practice" */ = {
			isa = XCConfigurationList;
			buildConfigurations = (
				09871CB81EE2245B00AF190B /* Debug */,
				09871CB91EE2245B00AF190B /* Release */,
			);
			defaultConfigurationIsVisible = 0;
		};
/* End XCConfigurationList section */
	};
	rootObject = 09871C9D1EE2245B00AF190B /* Project object */;
}
